{
  "version": 4,
  "terraform_version": "1.1.9",
  "serial": 573,
  "lineage": "cb5d8b52-6263-3fd9-cff1-7c94b59637d3",
  "outputs": {
    "external_ip_address_vm_1": {
      "value": "51.250.15.136",
      "type": "string"
    },
    "internal_ip_address_vm_1": {
      "value": "192.168.10.10",
      "type": "string"
    },
    "internal_ip_address_vm_2": {
      "value": "192.168.10.11",
      "type": "string"
    },
    "internal_ip_address_vm_3": {
      "value": "192.168.10.12",
      "type": "string"
    },
    "internal_ip_address_vm_4": {
      "value": "192.168.10.13",
      "type": "string"
    },
    "internal_ip_address_vm_5": {
      "value": "192.168.10.14",
      "type": "string"
    },
    "internal_ip_address_vm_6": {
      "value": "192.168.10.15",
      "type": "string"
    }
  },
  "resources": [
    {
      "mode": "managed",
      "type": "local_file",
      "name": "inventory",
      "provider": "provider[\"registry.terraform.io/hashicorp/local\"]",
      "instances": [
        {
          "schema_version": 0,
          "attributes": {
            "content": "# Ansible inventory containing variable values from Terraform.\n# Generated by Terraform.\n[nginx]\nyandex_compute_instance.vm-1 ansible_ssh_host=51.250.15.136 ansible_ssh_port=22\n",
            "content_base64": null,
            "directory_permission": "0777",
            "file_permission": "0777",
            "filename": "../ansible/inventory/prod.yml",
            "id": "229c0ba104067c466b135dc9c87538efdbe24e87",
            "sensitive_content": null,
            "source": null
          },
          "sensitive_attributes": [],
          "private": "bnVsbA==",
          "dependencies": [
            "yandex_compute_instance.vm-1",
            "yandex_vpc_network.network-1",
            "yandex_vpc_subnet.subnet-1"
          ]
        }
      ]
    },
    {
      "mode": "managed",
      "type": "local_file",
      "name": "inventory1",
      "provider": "provider[\"registry.terraform.io/hashicorp/local\"]",
      "instances": [
        {
          "schema_version": 0,
          "attributes": {
            "content": "# Ansible inventory containing variable values from Terraform.\n# Generated by Terraform.\nnetwork_interface: \"51.250.15.136\"\n",
            "content_base64": null,
            "directory_permission": "0777",
            "file_permission": "0777",
            "filename": "../ansible/var.yml",
            "id": "9c8249c5a33449a26b307a265b59b3d709393a96",
            "sensitive_content": null,
            "source": null
          },
          "sensitive_attributes": [],
          "private": "bnVsbA==",
          "dependencies": [
            "yandex_compute_instance.vm-1",
            "yandex_vpc_network.network-1",
            "yandex_vpc_subnet.subnet-1"
          ]
        }
      ]
    },
    {
      "mode": "managed",
      "type": "null_resource",
      "name": "cluster",
      "provider": "provider[\"registry.terraform.io/hashicorp/null\"]",
      "instances": []
    },
    {
      "mode": "managed",
      "type": "null_resource",
      "name": "wait",
      "provider": "provider[\"registry.terraform.io/hashicorp/null\"]",
      "instances": [
        {
          "status": "tainted",
          "schema_version": 0,
          "attributes": {
            "id": "4296048533956298888",
            "triggers": null
          },
          "sensitive_attributes": [],
          "private": "bnVsbA==",
          "dependencies": [
            "local_file.inventory",
            "yandex_compute_instance.vm-1",
            "yandex_vpc_network.network-1",
            "yandex_vpc_subnet.subnet-1"
          ]
        }
      ]
    },
    {
      "mode": "managed",
      "type": "yandex_compute_instance",
      "name": "vm-1",
      "provider": "provider[\"registry.terraform.io/yandex-cloud/yandex\"]",
      "instances": [
        {
          "schema_version": 1,
          "attributes": {
            "allow_recreate": null,
            "allow_stopping_for_update": null,
            "boot_disk": [
              {
                "auto_delete": true,
                "device_name": "fhm41gihnv6lf8ig1p8r",
                "disk_id": "fhm41gihnv6lf8ig1p8r",
                "initialize_params": [
                  {
                    "block_size": 4096,
                    "description": "",
                    "image_id": "fd8qps171vp141hl7g9l",
                    "name": "",
                    "size": 5,
                    "snapshot_id": "",
                    "type": "network-hdd"
                  }
                ],
                "mode": "READ_WRITE"
              }
            ],
            "created_at": "2022-07-13T10:55:23Z",
            "description": "",
            "folder_id": "b1gk1kso3ff84q00vek6",
            "fqdn": "fhmjtd6tlqq9c0r3t39a.auto.internal",
            "hostname": "fhmjtd6tlqq9c0r3t39a",
            "id": "fhmjtd6tlqq9c0r3t39a",
            "labels": null,
            "metadata": {
              "ssh-keys": "ubuntu:ssh-rsa AAAAB3NzaC1yc2EAAAADAQABAAABgQDbFQ9GPAhJuTy9uQNxpQMODC2u2sAsV+trZ1PladQ877frDF5UFSTkQrJfsXZYy39GYO8DaF3T2fB6S3jK5gJkJ35D4nsPb868wpOu7Q7ol7gA74fZ9NXWWS71ymg9uQiksIzeyX1MwQEZJO7eTSAfogeiBBL5PUJbaLVVz1M92NyhXuBCg9BoFSdictPzL1Ren6Ka/pbm4ObxbXHJ1UeQsm11pO/O0RcHJ4PT7SaXdAWLpX3eg7bh271GOmsOGZT/FsnNEDWgfUdBpaZ3hwztOkaP4Jp2Ba+sBVuEdgFul6u+M84HsjHEcdxv1hfqyxDn7T0ty35UW7B4mGReB3VfzqvjydZ9AB/zv5foEspwc672nw0PBBrQ6bejS7OOObRmf8J1Yvb817eID0aY1gh+UwDVrNWeWoStwa5y/CLfvh9Ve1ohGu8tNit22s44F8fSWTcPl7hL1EvttKred6AhzBty2nxG0ilxQvWYjM++xflPeoo5Tlahp6YPEtr4DME= rudnev@Mac-mini.local\n"
            },
            "name": "nginx",
            "network_acceleration_type": "standard",
            "network_interface": [
              {
                "dns_record": [],
                "index": 0,
                "ip_address": "192.168.10.10",
                "ipv4": true,
                "ipv6": false,
                "ipv6_address": "",
                "ipv6_dns_record": [],
                "mac_address": "d0:0d:13:eb:4d:da",
                "nat": true,
                "nat_dns_record": [],
                "nat_ip_address": "51.250.15.136",
                "nat_ip_version": "IPV4",
                "security_group_ids": [],
                "subnet_id": "e9b5urtksc7b5et77bm7"
              }
            ],
            "placement_policy": [
              {
                "host_affinity_rules": [],
                "placement_group_id": ""
              }
            ],
            "platform_id": "standard-v1",
            "resources": [
              {
                "core_fraction": 100,
                "cores": 2,
                "gpus": 0,
                "memory": 2
              }
            ],
            "scheduling_policy": [
              {
                "preemptible": false
              }
            ],
            "secondary_disk": [],
            "service_account_id": "",
            "status": "running",
            "timeouts": null,
            "zone": "ru-central1-a"
          },
          "sensitive_attributes": [],
          "private": "eyJlMmJmYjczMC1lY2FhLTExZTYtOGY4OC0zNDM2M2JjN2M0YzAiOnsiY3JlYXRlIjozMDAwMDAwMDAwMDAsImRlbGV0ZSI6MzAwMDAwMDAwMDAwLCJ1cGRhdGUiOjMwMDAwMDAwMDAwMH0sInNjaGVtYV92ZXJzaW9uIjoiMSJ9",
          "dependencies": [
            "yandex_vpc_network.network-1",
            "yandex_vpc_subnet.subnet-1"
          ]
        }
      ]
    },
    {
      "mode": "managed",
      "type": "yandex_compute_instance",
      "name": "vm-2",
      "provider": "provider[\"registry.terraform.io/yandex-cloud/yandex\"]",
      "instances": [
        {
          "schema_version": 1,
          "attributes": {
            "allow_recreate": null,
            "allow_stopping_for_update": null,
            "boot_disk": [
              {
                "auto_delete": true,
                "device_name": "fhmoobumcmlsnjrpseii",
                "disk_id": "fhmoobumcmlsnjrpseii",
                "initialize_params": [
                  {
                    "block_size": 4096,
                    "description": "",
                    "image_id": "fd8qps171vp141hl7g9l",
                    "name": "",
                    "size": 5,
                    "snapshot_id": "",
                    "type": "network-hdd"
                  }
                ],
                "mode": "READ_WRITE"
              }
            ],
            "created_at": "2022-07-13T10:55:23Z",
            "description": "",
            "folder_id": "b1gk1kso3ff84q00vek6",
            "fqdn": "fhmfbmn558g80a2tndg8.auto.internal",
            "hostname": "fhmfbmn558g80a2tndg8",
            "id": "fhmfbmn558g80a2tndg8",
            "labels": null,
            "metadata": {
              "ssh-keys": "ubuntu:ssh-rsa AAAAB3NzaC1yc2EAAAADAQABAAABgQDbFQ9GPAhJuTy9uQNxpQMODC2u2sAsV+trZ1PladQ877frDF5UFSTkQrJfsXZYy39GYO8DaF3T2fB6S3jK5gJkJ35D4nsPb868wpOu7Q7ol7gA74fZ9NXWWS71ymg9uQiksIzeyX1MwQEZJO7eTSAfogeiBBL5PUJbaLVVz1M92NyhXuBCg9BoFSdictPzL1Ren6Ka/pbm4ObxbXHJ1UeQsm11pO/O0RcHJ4PT7SaXdAWLpX3eg7bh271GOmsOGZT/FsnNEDWgfUdBpaZ3hwztOkaP4Jp2Ba+sBVuEdgFul6u+M84HsjHEcdxv1hfqyxDn7T0ty35UW7B4mGReB3VfzqvjydZ9AB/zv5foEspwc672nw0PBBrQ6bejS7OOObRmf8J1Yvb817eID0aY1gh+UwDVrNWeWoStwa5y/CLfvh9Ve1ohGu8tNit22s44F8fSWTcPl7hL1EvttKred6AhzBty2nxG0ilxQvWYjM++xflPeoo5Tlahp6YPEtr4DME= rudnev@Mac-mini.local\n"
            },
            "name": "db01",
            "network_acceleration_type": "standard",
            "network_interface": [
              {
                "dns_record": [],
                "index": 0,
                "ip_address": "192.168.10.11",
                "ipv4": true,
                "ipv6": false,
                "ipv6_address": "",
                "ipv6_dns_record": [],
                "mac_address": "d0:0d:f5:da:e5:2a",
                "nat": false,
                "nat_dns_record": [],
                "nat_ip_address": "",
                "nat_ip_version": "",
                "security_group_ids": [],
                "subnet_id": "e9b5urtksc7b5et77bm7"
              }
            ],
            "placement_policy": [
              {
                "host_affinity_rules": [],
                "placement_group_id": ""
              }
            ],
            "platform_id": "standard-v1",
            "resources": [
              {
                "core_fraction": 100,
                "cores": 4,
                "gpus": 0,
                "memory": 4
              }
            ],
            "scheduling_policy": [
              {
                "preemptible": false
              }
            ],
            "secondary_disk": [],
            "service_account_id": "",
            "status": "running",
            "timeouts": null,
            "zone": "ru-central1-a"
          },
          "sensitive_attributes": [],
          "private": "eyJlMmJmYjczMC1lY2FhLTExZTYtOGY4OC0zNDM2M2JjN2M0YzAiOnsiY3JlYXRlIjozMDAwMDAwMDAwMDAsImRlbGV0ZSI6MzAwMDAwMDAwMDAwLCJ1cGRhdGUiOjMwMDAwMDAwMDAwMH0sInNjaGVtYV92ZXJzaW9uIjoiMSJ9",
          "dependencies": [
            "yandex_vpc_network.network-1",
            "yandex_vpc_subnet.subnet-1"
          ]
        }
      ]
    },
    {
      "mode": "managed",
      "type": "yandex_compute_instance",
      "name": "vm-3",
      "provider": "provider[\"registry.terraform.io/yandex-cloud/yandex\"]",
      "instances": [
        {
          "schema_version": 1,
          "attributes": {
            "allow_recreate": null,
            "allow_stopping_for_update": null,
            "boot_disk": [
              {
                "auto_delete": true,
                "device_name": "fhmuv0iuacq9b06vh14i",
                "disk_id": "fhmuv0iuacq9b06vh14i",
                "initialize_params": [
                  {
                    "block_size": 4096,
                    "description": "",
                    "image_id": "fd8qps171vp141hl7g9l",
                    "name": "",
                    "size": 5,
                    "snapshot_id": "",
                    "type": "network-hdd"
                  }
                ],
                "mode": "READ_WRITE"
              }
            ],
            "created_at": "2022-07-13T10:55:23Z",
            "description": "",
            "folder_id": "b1gk1kso3ff84q00vek6",
            "fqdn": "fhm227ub5mt777jui5uq.auto.internal",
            "hostname": "fhm227ub5mt777jui5uq",
            "id": "fhm227ub5mt777jui5uq",
            "labels": null,
            "metadata": {
              "ssh-keys": "ubuntu:ssh-rsa AAAAB3NzaC1yc2EAAAADAQABAAABgQDbFQ9GPAhJuTy9uQNxpQMODC2u2sAsV+trZ1PladQ877frDF5UFSTkQrJfsXZYy39GYO8DaF3T2fB6S3jK5gJkJ35D4nsPb868wpOu7Q7ol7gA74fZ9NXWWS71ymg9uQiksIzeyX1MwQEZJO7eTSAfogeiBBL5PUJbaLVVz1M92NyhXuBCg9BoFSdictPzL1Ren6Ka/pbm4ObxbXHJ1UeQsm11pO/O0RcHJ4PT7SaXdAWLpX3eg7bh271GOmsOGZT/FsnNEDWgfUdBpaZ3hwztOkaP4Jp2Ba+sBVuEdgFul6u+M84HsjHEcdxv1hfqyxDn7T0ty35UW7B4mGReB3VfzqvjydZ9AB/zv5foEspwc672nw0PBBrQ6bejS7OOObRmf8J1Yvb817eID0aY1gh+UwDVrNWeWoStwa5y/CLfvh9Ve1ohGu8tNit22s44F8fSWTcPl7hL1EvttKred6AhzBty2nxG0ilxQvWYjM++xflPeoo5Tlahp6YPEtr4DME= rudnev@Mac-mini.local\n"
            },
            "name": "db02",
            "network_acceleration_type": "standard",
            "network_interface": [
              {
                "dns_record": [],
                "index": 0,
                "ip_address": "192.168.10.12",
                "ipv4": true,
                "ipv6": false,
                "ipv6_address": "",
                "ipv6_dns_record": [],
                "mac_address": "d0:0d:21:1f:cb:2d",
                "nat": false,
                "nat_dns_record": [],
                "nat_ip_address": "",
                "nat_ip_version": "",
                "security_group_ids": [],
                "subnet_id": "e9b5urtksc7b5et77bm7"
              }
            ],
            "placement_policy": [
              {
                "host_affinity_rules": [],
                "placement_group_id": ""
              }
            ],
            "platform_id": "standard-v1",
            "resources": [
              {
                "core_fraction": 100,
                "cores": 4,
                "gpus": 0,
                "memory": 4
              }
            ],
            "scheduling_policy": [
              {
                "preemptible": false
              }
            ],
            "secondary_disk": [],
            "service_account_id": "",
            "status": "running",
            "timeouts": null,
            "zone": "ru-central1-a"
          },
          "sensitive_attributes": [],
          "private": "eyJlMmJmYjczMC1lY2FhLTExZTYtOGY4OC0zNDM2M2JjN2M0YzAiOnsiY3JlYXRlIjozMDAwMDAwMDAwMDAsImRlbGV0ZSI6MzAwMDAwMDAwMDAwLCJ1cGRhdGUiOjMwMDAwMDAwMDAwMH0sInNjaGVtYV92ZXJzaW9uIjoiMSJ9",
          "dependencies": [
            "yandex_vpc_network.network-1",
            "yandex_vpc_subnet.subnet-1"
          ]
        }
      ]
    },
    {
      "mode": "managed",
      "type": "yandex_compute_instance",
      "name": "vm-4",
      "provider": "provider[\"registry.terraform.io/yandex-cloud/yandex\"]",
      "instances": [
        {
          "schema_version": 1,
          "attributes": {
            "allow_recreate": null,
            "allow_stopping_for_update": null,
            "boot_disk": [
              {
                "auto_delete": true,
                "device_name": "fhmigod6ka9rc075n4gn",
                "disk_id": "fhmigod6ka9rc075n4gn",
                "initialize_params": [
                  {
                    "block_size": 4096,
                    "description": "",
                    "image_id": "fd8qps171vp141hl7g9l",
                    "name": "",
                    "size": 5,
                    "snapshot_id": "",
                    "type": "network-hdd"
                  }
                ],
                "mode": "READ_WRITE"
              }
            ],
            "created_at": "2022-07-13T10:55:23Z",
            "description": "",
            "folder_id": "b1gk1kso3ff84q00vek6",
            "fqdn": "fhmne3o5egsfaslbcr76.auto.internal",
            "hostname": "fhmne3o5egsfaslbcr76",
            "id": "fhmne3o5egsfaslbcr76",
            "labels": null,
            "metadata": {
              "ssh-keys": "ubuntu:ssh-rsa AAAAB3NzaC1yc2EAAAADAQABAAABgQDbFQ9GPAhJuTy9uQNxpQMODC2u2sAsV+trZ1PladQ877frDF5UFSTkQrJfsXZYy39GYO8DaF3T2fB6S3jK5gJkJ35D4nsPb868wpOu7Q7ol7gA74fZ9NXWWS71ymg9uQiksIzeyX1MwQEZJO7eTSAfogeiBBL5PUJbaLVVz1M92NyhXuBCg9BoFSdictPzL1Ren6Ka/pbm4ObxbXHJ1UeQsm11pO/O0RcHJ4PT7SaXdAWLpX3eg7bh271GOmsOGZT/FsnNEDWgfUdBpaZ3hwztOkaP4Jp2Ba+sBVuEdgFul6u+M84HsjHEcdxv1hfqyxDn7T0ty35UW7B4mGReB3VfzqvjydZ9AB/zv5foEspwc672nw0PBBrQ6bejS7OOObRmf8J1Yvb817eID0aY1gh+UwDVrNWeWoStwa5y/CLfvh9Ve1ohGu8tNit22s44F8fSWTcPl7hL1EvttKred6AhzBty2nxG0ilxQvWYjM++xflPeoo5Tlahp6YPEtr4DME= rudnev@Mac-mini.local\n"
            },
            "name": "wordpress",
            "network_acceleration_type": "standard",
            "network_interface": [
              {
                "dns_record": [],
                "index": 0,
                "ip_address": "192.168.10.13",
                "ipv4": true,
                "ipv6": false,
                "ipv6_address": "",
                "ipv6_dns_record": [],
                "mac_address": "d0:0d:17:70:f0:57",
                "nat": false,
                "nat_dns_record": [],
                "nat_ip_address": "",
                "nat_ip_version": "",
                "security_group_ids": [],
                "subnet_id": "e9b5urtksc7b5et77bm7"
              }
            ],
            "placement_policy": [
              {
                "host_affinity_rules": [],
                "placement_group_id": ""
              }
            ],
            "platform_id": "standard-v1",
            "resources": [
              {
                "core_fraction": 100,
                "cores": 4,
                "gpus": 0,
                "memory": 4
              }
            ],
            "scheduling_policy": [
              {
                "preemptible": false
              }
            ],
            "secondary_disk": [],
            "service_account_id": "",
            "status": "running",
            "timeouts": null,
            "zone": "ru-central1-a"
          },
          "sensitive_attributes": [],
          "private": "eyJlMmJmYjczMC1lY2FhLTExZTYtOGY4OC0zNDM2M2JjN2M0YzAiOnsiY3JlYXRlIjozMDAwMDAwMDAwMDAsImRlbGV0ZSI6MzAwMDAwMDAwMDAwLCJ1cGRhdGUiOjMwMDAwMDAwMDAwMH0sInNjaGVtYV92ZXJzaW9uIjoiMSJ9",
          "dependencies": [
            "yandex_vpc_network.network-1",
            "yandex_vpc_subnet.subnet-1"
          ]
        }
      ]
    },
    {
      "mode": "managed",
      "type": "yandex_compute_instance",
      "name": "vm-5",
      "provider": "provider[\"registry.terraform.io/yandex-cloud/yandex\"]",
      "instances": [
        {
          "schema_version": 1,
          "attributes": {
            "allow_recreate": null,
            "allow_stopping_for_update": null,
            "boot_disk": [
              {
                "auto_delete": true,
                "device_name": "fhmko1ol3ohilrgjhtn1",
                "disk_id": "fhmko1ol3ohilrgjhtn1",
                "initialize_params": [
                  {
                    "block_size": 4096,
                    "description": "",
                    "image_id": "fd8qps171vp141hl7g9l",
                    "name": "",
                    "size": 5,
                    "snapshot_id": "",
                    "type": "network-hdd"
                  }
                ],
                "mode": "READ_WRITE"
              }
            ],
            "created_at": "2022-07-13T10:55:23Z",
            "description": "",
            "folder_id": "b1gk1kso3ff84q00vek6",
            "fqdn": "fhmnmd1q97lkhcbj9oih.auto.internal",
            "hostname": "fhmnmd1q97lkhcbj9oih",
            "id": "fhmnmd1q97lkhcbj9oih",
            "labels": null,
            "metadata": {
              "ssh-keys": "ubuntu:ssh-rsa AAAAB3NzaC1yc2EAAAADAQABAAABgQDbFQ9GPAhJuTy9uQNxpQMODC2u2sAsV+trZ1PladQ877frDF5UFSTkQrJfsXZYy39GYO8DaF3T2fB6S3jK5gJkJ35D4nsPb868wpOu7Q7ol7gA74fZ9NXWWS71ymg9uQiksIzeyX1MwQEZJO7eTSAfogeiBBL5PUJbaLVVz1M92NyhXuBCg9BoFSdictPzL1Ren6Ka/pbm4ObxbXHJ1UeQsm11pO/O0RcHJ4PT7SaXdAWLpX3eg7bh271GOmsOGZT/FsnNEDWgfUdBpaZ3hwztOkaP4Jp2Ba+sBVuEdgFul6u+M84HsjHEcdxv1hfqyxDn7T0ty35UW7B4mGReB3VfzqvjydZ9AB/zv5foEspwc672nw0PBBrQ6bejS7OOObRmf8J1Yvb817eID0aY1gh+UwDVrNWeWoStwa5y/CLfvh9Ve1ohGu8tNit22s44F8fSWTcPl7hL1EvttKred6AhzBty2nxG0ilxQvWYjM++xflPeoo5Tlahp6YPEtr4DME= rudnev@Mac-mini.local\n"
            },
            "name": "gitlab",
            "network_acceleration_type": "standard",
            "network_interface": [
              {
                "dns_record": [],
                "index": 0,
                "ip_address": "192.168.10.14",
                "ipv4": true,
                "ipv6": false,
                "ipv6_address": "",
                "ipv6_dns_record": [],
                "mac_address": "d0:0d:17:b3:43:a4",
                "nat": false,
                "nat_dns_record": [],
                "nat_ip_address": "",
                "nat_ip_version": "",
                "security_group_ids": [],
                "subnet_id": "e9b5urtksc7b5et77bm7"
              }
            ],
            "placement_policy": [
              {
                "host_affinity_rules": [],
                "placement_group_id": ""
              }
            ],
            "platform_id": "standard-v1",
            "resources": [
              {
                "core_fraction": 100,
                "cores": 4,
                "gpus": 0,
                "memory": 4
              }
            ],
            "scheduling_policy": [
              {
                "preemptible": false
              }
            ],
            "secondary_disk": [],
            "service_account_id": "",
            "status": "running",
            "timeouts": null,
            "zone": "ru-central1-a"
          },
          "sensitive_attributes": [],
          "private": "eyJlMmJmYjczMC1lY2FhLTExZTYtOGY4OC0zNDM2M2JjN2M0YzAiOnsiY3JlYXRlIjozMDAwMDAwMDAwMDAsImRlbGV0ZSI6MzAwMDAwMDAwMDAwLCJ1cGRhdGUiOjMwMDAwMDAwMDAwMH0sInNjaGVtYV92ZXJzaW9uIjoiMSJ9",
          "dependencies": [
            "yandex_vpc_network.network-1",
            "yandex_vpc_subnet.subnet-1"
          ]
        }
      ]
    },
    {
      "mode": "managed",
      "type": "yandex_compute_instance",
      "name": "vm-6",
      "provider": "provider[\"registry.terraform.io/yandex-cloud/yandex\"]",
      "instances": [
        {
          "schema_version": 1,
          "attributes": {
            "allow_recreate": null,
            "allow_stopping_for_update": null,
            "boot_disk": [
              {
                "auto_delete": true,
                "device_name": "fhm1e46k81obsi8l966k",
                "disk_id": "fhm1e46k81obsi8l966k",
                "initialize_params": [
                  {
                    "block_size": 4096,
                    "description": "",
                    "image_id": "fd8qps171vp141hl7g9l",
                    "name": "",
                    "size": 5,
                    "snapshot_id": "",
                    "type": "network-hdd"
                  }
                ],
                "mode": "READ_WRITE"
              }
            ],
            "created_at": "2022-07-13T10:55:23Z",
            "description": "",
            "folder_id": "b1gk1kso3ff84q00vek6",
            "fqdn": "fhm9cr45qr4e6hnucj6s.auto.internal",
            "hostname": "fhm9cr45qr4e6hnucj6s",
            "id": "fhm9cr45qr4e6hnucj6s",
            "labels": null,
            "metadata": {
              "ssh-keys": "ubuntu:ssh-rsa AAAAB3NzaC1yc2EAAAADAQABAAABgQDbFQ9GPAhJuTy9uQNxpQMODC2u2sAsV+trZ1PladQ877frDF5UFSTkQrJfsXZYy39GYO8DaF3T2fB6S3jK5gJkJ35D4nsPb868wpOu7Q7ol7gA74fZ9NXWWS71ymg9uQiksIzeyX1MwQEZJO7eTSAfogeiBBL5PUJbaLVVz1M92NyhXuBCg9BoFSdictPzL1Ren6Ka/pbm4ObxbXHJ1UeQsm11pO/O0RcHJ4PT7SaXdAWLpX3eg7bh271GOmsOGZT/FsnNEDWgfUdBpaZ3hwztOkaP4Jp2Ba+sBVuEdgFul6u+M84HsjHEcdxv1hfqyxDn7T0ty35UW7B4mGReB3VfzqvjydZ9AB/zv5foEspwc672nw0PBBrQ6bejS7OOObRmf8J1Yvb817eID0aY1gh+UwDVrNWeWoStwa5y/CLfvh9Ve1ohGu8tNit22s44F8fSWTcPl7hL1EvttKred6AhzBty2nxG0ilxQvWYjM++xflPeoo5Tlahp6YPEtr4DME= rudnev@Mac-mini.local\n"
            },
            "name": "monitoring",
            "network_acceleration_type": "standard",
            "network_interface": [
              {
                "dns_record": [],
                "index": 0,
                "ip_address": "192.168.10.15",
                "ipv4": true,
                "ipv6": false,
                "ipv6_address": "",
                "ipv6_dns_record": [],
                "mac_address": "d0:0d:96:6c:85:d6",
                "nat": false,
                "nat_dns_record": [],
                "nat_ip_address": "",
                "nat_ip_version": "",
                "security_group_ids": [],
                "subnet_id": "e9b5urtksc7b5et77bm7"
              }
            ],
            "placement_policy": [
              {
                "host_affinity_rules": [],
                "placement_group_id": ""
              }
            ],
            "platform_id": "standard-v1",
            "resources": [
              {
                "core_fraction": 100,
                "cores": 4,
                "gpus": 0,
                "memory": 4
              }
            ],
            "scheduling_policy": [
              {
                "preemptible": false
              }
            ],
            "secondary_disk": [],
            "service_account_id": "",
            "status": "running",
            "timeouts": null,
            "zone": "ru-central1-a"
          },
          "sensitive_attributes": [],
          "private": "eyJlMmJmYjczMC1lY2FhLTExZTYtOGY4OC0zNDM2M2JjN2M0YzAiOnsiY3JlYXRlIjozMDAwMDAwMDAwMDAsImRlbGV0ZSI6MzAwMDAwMDAwMDAwLCJ1cGRhdGUiOjMwMDAwMDAwMDAwMH0sInNjaGVtYV92ZXJzaW9uIjoiMSJ9",
          "dependencies": [
            "yandex_vpc_network.network-1",
            "yandex_vpc_subnet.subnet-1"
          ]
        }
      ]
    },
    {
      "mode": "managed",
      "type": "yandex_vpc_network",
      "name": "network-1",
      "provider": "provider[\"registry.terraform.io/yandex-cloud/yandex\"]",
      "instances": [
        {
          "schema_version": 0,
          "attributes": {
            "created_at": "2022-07-13T10:55:21Z",
            "default_security_group_id": "",
            "description": "",
            "folder_id": "b1gk1kso3ff84q00vek6",
            "id": "enp9sc4aeduapb5f85vl",
            "labels": {},
            "name": "network1",
            "subnet_ids": [],
            "timeouts": null
          },
          "sensitive_attributes": [],
          "private": "eyJlMmJmYjczMC1lY2FhLTExZTYtOGY4OC0zNDM2M2JjN2M0YzAiOnsiY3JlYXRlIjo2MDAwMDAwMDAwMCwiZGVsZXRlIjo2MDAwMDAwMDAwMCwidXBkYXRlIjo2MDAwMDAwMDAwMH19"
        }
      ]
    },
    {
      "mode": "managed",
      "type": "yandex_vpc_subnet",
      "name": "subnet-1",
      "provider": "provider[\"registry.terraform.io/yandex-cloud/yandex\"]",
      "instances": [
        {
          "schema_version": 0,
          "attributes": {
            "created_at": "2022-07-13T10:55:22Z",
            "description": "",
            "dhcp_options": [],
            "folder_id": "b1gk1kso3ff84q00vek6",
            "id": "e9b5urtksc7b5et77bm7",
            "labels": {},
            "name": "subnet1",
            "network_id": "enp9sc4aeduapb5f85vl",
            "route_table_id": "",
            "timeouts": null,
            "v4_cidr_blocks": [
              "192.168.10.0/24"
            ],
            "v6_cidr_blocks": [],
            "zone": "ru-central1-a"
          },
          "sensitive_attributes": [],
          "private": "eyJlMmJmYjczMC1lY2FhLTExZTYtOGY4OC0zNDM2M2JjN2M0YzAiOnsiY3JlYXRlIjoxODAwMDAwMDAwMDAsImRlbGV0ZSI6MTgwMDAwMDAwMDAwLCJ1cGRhdGUiOjE4MDAwMDAwMDAwMH19",
          "dependencies": [
            "yandex_vpc_network.network-1"
          ]
        }
      ]
    }
  ]
}
